
Microsoft Visual Studio Solution File, Format Version 12.00
Project("{FAE04EC0-301F-11D3-BF4B-00C04F79EFBC}") = "UserService.Api", "UserService.Api\UserService.Api.csproj", "{CDD1BA71-9A5F-4C29-9A79-541DF720C098}"
EndProject
Project("{FAE04EC0-301F-11D3-BF4B-00C04F79EFBC}") = "UserService.Domain", "UserService.Domain\UserService.Domain.csproj", "{B682E826-D3F7-4826-8058-C71DC7ABD931}"
EndProject
Project("{FAE04EC0-301F-11D3-BF4B-00C04F79EFBC}") = "UserService.Infrastructure", "UserService.Infrastructure\UserService.Infrastructure.csproj", "{97F6ED10-3F0D-4DA6-9ABF-BEB864A9E20B}"
EndProject
Project("{FAE04EC0-301F-11D3-BF4B-00C04F79EFBC}") = "UserService.Application", "UserService.Application\UserService.Application.csproj", "{9638A02D-A2CF-4E11-9B8B-BD0C7334583B}"
EndProject
Project("{2150E333-8FDC-42A3-9474-1A3956D46DE8}") = "test", "test", "{9CD7852E-7BC2-410C-B8BC-0B0A09513E83}"
EndProject
Project("{2150E333-8FDC-42A3-9474-1A3956D46DE8}") = "src", "src", "{254E143A-7F67-4618-A588-FF73EF0EE56A}"
EndProject
Project("{FAE04EC0-301F-11D3-BF4B-00C04F79EFBC}") = "UserService.Application.UnitTests", "UserService.Application.UnitTests\UserService.Application.UnitTests.csproj", "{EEF939EA-3414-4FBF-AB55-25D5C88128DB}"
EndProject
Global
	GlobalSection(SolutionConfigurationPlatforms) = preSolution
		Debug|Any CPU = Debug|Any CPU
		Release|Any CPU = Release|Any CPU
	EndGlobalSection
	GlobalSection(ProjectConfigurationPlatforms) = postSolution
		{CDD1BA71-9A5F-4C29-9A79-541DF720C098}.Debug|Any CPU.ActiveCfg = Debug|Any CPU
		{CDD1BA71-9A5F-4C29-9A79-541DF720C098}.Debug|Any CPU.Build.0 = Debug|Any CPU
		{CDD1BA71-9A5F-4C29-9A79-541DF720C098}.Release|Any CPU.ActiveCfg = Release|Any CPU
		{CDD1BA71-9A5F-4C29-9A79-541DF720C098}.Release|Any CPU.Build.0 = Release|Any CPU
		{B682E826-D3F7-4826-8058-C71DC7ABD931}.Debug|Any CPU.ActiveCfg = Debug|Any CPU
		{B682E826-D3F7-4826-8058-C71DC7ABD931}.Debug|Any CPU.Build.0 = Debug|Any CPU
		{B682E826-D3F7-4826-8058-C71DC7ABD931}.Release|Any CPU.ActiveCfg = Release|Any CPU
		{B682E826-D3F7-4826-8058-C71DC7ABD931}.Release|Any CPU.Build.0 = Release|Any CPU
		{97F6ED10-3F0D-4DA6-9ABF-BEB864A9E20B}.Debug|Any CPU.ActiveCfg = Debug|Any CPU
		{97F6ED10-3F0D-4DA6-9ABF-BEB864A9E20B}.Debug|Any CPU.Build.0 = Debug|Any CPU
		{97F6ED10-3F0D-4DA6-9ABF-BEB864A9E20B}.Release|Any CPU.ActiveCfg = Release|Any CPU
		{97F6ED10-3F0D-4DA6-9ABF-BEB864A9E20B}.Release|Any CPU.Build.0 = Release|Any CPU
		{9638A02D-A2CF-4E11-9B8B-BD0C7334583B}.Debug|Any CPU.ActiveCfg = Debug|Any CPU
		{9638A02D-A2CF-4E11-9B8B-BD0C7334583B}.Debug|Any CPU.Build.0 = Debug|Any CPU
		{9638A02D-A2CF-4E11-9B8B-BD0C7334583B}.Release|Any CPU.ActiveCfg = Release|Any CPU
		{9638A02D-A2CF-4E11-9B8B-BD0C7334583B}.Release|Any CPU.Build.0 = Release|Any CPU
		{EEF939EA-3414-4FBF-AB55-25D5C88128DB}.Debug|Any CPU.ActiveCfg = Debug|Any CPU
		{EEF939EA-3414-4FBF-AB55-25D5C88128DB}.Debug|Any CPU.Build.0 = Debug|Any CPU
		{EEF939EA-3414-4FBF-AB55-25D5C88128DB}.Release|Any CPU.ActiveCfg = Release|Any CPU
		{EEF939EA-3414-4FBF-AB55-25D5C88128DB}.Release|Any CPU.Build.0 = Release|Any CPU
	EndGlobalSection
	GlobalSection(NestedProjects) = preSolution
		{CDD1BA71-9A5F-4C29-9A79-541DF720C098} = {254E143A-7F67-4618-A588-FF73EF0EE56A}
		{9638A02D-A2CF-4E11-9B8B-BD0C7334583B} = {254E143A-7F67-4618-A588-FF73EF0EE56A}
		{B682E826-D3F7-4826-8058-C71DC7ABD931} = {254E143A-7F67-4618-A588-FF73EF0EE56A}
		{97F6ED10-3F0D-4DA6-9ABF-BEB864A9E20B} = {254E143A-7F67-4618-A588-FF73EF0EE56A}
		{EEF939EA-3414-4FBF-AB55-25D5C88128DB} = {9CD7852E-7BC2-410C-B8BC-0B0A09513E83}
	EndGlobalSection
EndGlobal
